
Microsoft Visual Studio Solution File, Format Version 12.00
# Visual Studio 15
VisualStudioVersion = 15.0.26124.0
MinimumVisualStudioVersion = 15.0.26124.0
Project("{2150E333-8FDC-42A3-9474-1A3956D46DE8}") = "Source", "Source", "{1E193B2E-A6DE-44B6-8556-5C5D3873CF4C}"
EndProject
Project("{FAE04EC0-301F-11D3-BF4B-00C04F79EFBC}") = "BuckeyeStore.Core", "Source\BuckeyeStore.Core\BuckeyeStore.Core.csproj", "{CF40CD6F-B1B5-43D1-B728-9C2913C2FB29}"
EndProject
Project("{2150E333-8FDC-42A3-9474-1A3956D46DE8}") = "Tests", "Tests", "{216F716C-828E-45DB-9ECF-1122F6E1838A}"
EndProject
Project("{FAE04EC0-301F-11D3-BF4B-00C04F79EFBC}") = "BuckeyeStore.Core.Tests", "Tests\BuckeyeStore.Core.Tests\BuckeyeStore.Core.Tests.csproj", "{392F7E6F-EC38-4B99-AE14-80B272F0F638}"
EndProject
Global
	GlobalSection(SolutionConfigurationPlatforms) = preSolution
		Debug|Any CPU = Debug|Any CPU
		Debug|x64 = Debug|x64
		Debug|x86 = Debug|x86
		Release|Any CPU = Release|Any CPU
		Release|x64 = Release|x64
		Release|x86 = Release|x86
	EndGlobalSection
	GlobalSection(SolutionProperties) = preSolution
		HideSolutionNode = FALSE
	EndGlobalSection
	GlobalSection(ProjectConfigurationPlatforms) = postSolution
		{CF40CD6F-B1B5-43D1-B728-9C2913C2FB29}.Debug|Any CPU.ActiveCfg = Debug|Any CPU
		{CF40CD6F-B1B5-43D1-B728-9C2913C2FB29}.Debug|Any CPU.Build.0 = Debug|Any CPU
		{CF40CD6F-B1B5-43D1-B728-9C2913C2FB29}.Debug|x64.ActiveCfg = Debug|x64
		{CF40CD6F-B1B5-43D1-B728-9C2913C2FB29}.Debug|x64.Build.0 = Debug|x64
		{CF40CD6F-B1B5-43D1-B728-9C2913C2FB29}.Debug|x86.ActiveCfg = Debug|x86
		{CF40CD6F-B1B5-43D1-B728-9C2913C2FB29}.Debug|x86.Build.0 = Debug|x86
		{CF40CD6F-B1B5-43D1-B728-9C2913C2FB29}.Release|Any CPU.ActiveCfg = Release|Any CPU
		{CF40CD6F-B1B5-43D1-B728-9C2913C2FB29}.Release|Any CPU.Build.0 = Release|Any CPU
		{CF40CD6F-B1B5-43D1-B728-9C2913C2FB29}.Release|x64.ActiveCfg = Release|x64
		{CF40CD6F-B1B5-43D1-B728-9C2913C2FB29}.Release|x64.Build.0 = Release|x64
		{CF40CD6F-B1B5-43D1-B728-9C2913C2FB29}.Release|x86.ActiveCfg = Release|x86
		{CF40CD6F-B1B5-43D1-B728-9C2913C2FB29}.Release|x86.Build.0 = Release|x86
		{392F7E6F-EC38-4B99-AE14-80B272F0F638}.Debug|Any CPU.ActiveCfg = Debug|Any CPU
		{392F7E6F-EC38-4B99-AE14-80B272F0F638}.Debug|Any CPU.Build.0 = Debug|Any CPU
		{392F7E6F-EC38-4B99-AE14-80B272F0F638}.Debug|x64.ActiveCfg = Debug|x64
		{392F7E6F-EC38-4B99-AE14-80B272F0F638}.Debug|x64.Build.0 = Debug|x64
		{392F7E6F-EC38-4B99-AE14-80B272F0F638}.Debug|x86.ActiveCfg = Debug|x86
		{392F7E6F-EC38-4B99-AE14-80B272F0F638}.Debug|x86.Build.0 = Debug|x86
		{392F7E6F-EC38-4B99-AE14-80B272F0F638}.Release|Any CPU.ActiveCfg = Release|Any CPU
		{392F7E6F-EC38-4B99-AE14-80B272F0F638}.Release|Any CPU.Build.0 = Release|Any CPU
		{392F7E6F-EC38-4B99-AE14-80B272F0F638}.Release|x64.ActiveCfg = Release|x64
		{392F7E6F-EC38-4B99-AE14-80B272F0F638}.Release|x64.Build.0 = Release|x64
		{392F7E6F-EC38-4B99-AE14-80B272F0F638}.Release|x86.ActiveCfg = Release|x86
		{392F7E6F-EC38-4B99-AE14-80B272F0F638}.Release|x86.Build.0 = Release|x86
	EndGlobalSection
	GlobalSection(NestedProjects) = preSolution
		{CF40CD6F-B1B5-43D1-B728-9C2913C2FB29} = {1E193B2E-A6DE-44B6-8556-5C5D3873CF4C}
		{392F7E6F-EC38-4B99-AE14-80B272F0F638} = {216F716C-828E-45DB-9ECF-1122F6E1838A}
	EndGlobalSection
EndGlobal
